
Microsoft Visual Studio Solution File, Format Version 12.00
# Visual Studio Version 16
VisualStudioVersion = 16.0.31424.327
MinimumVisualStudioVersion = 10.0.40219.1
Project("{FAE04EC0-301F-11D3-BF4B-00C04F79EFBC}") = "AppSocket", "AppSocket\AppSocket.csproj", "{A655C08D-D865-4F14-B6BE-43AFA8FA878D}"
EndProject
Global
	GlobalSection(SolutionConfigurationPlatforms) = preSolution
		Debug|Any CPU = Debug|Any CPU
		Release|Any CPU = Release|Any CPU
	EndGlobalSection
	GlobalSection(ProjectConfigurationPlatforms) = postSolution
		{A655C08D-D865-4F14-B6BE-43AFA8FA878D}.Debug|Any CPU.ActiveCfg = Debug|Any CPU
		{A655C08D-D865-4F14-B6BE-43AFA8FA878D}.Debug|Any CPU.Build.0 = Debug|Any CPU
		{A655C08D-D865-4F14-B6BE-43AFA8FA878D}.Release|Any CPU.ActiveCfg = Release|Any CPU
		{A655C08D-D865-4F14-B6BE-43AFA8FA878D}.Release|Any CPU.Build.0 = Release|Any CPU
	EndGlobalSection
	GlobalSection(SolutionProperties) = preSolution
		HideSolutionNode = FALSE
	EndGlobalSection
	GlobalSection(ExtensibilityGlobals) = postSolution
		SolutionGuid = {102A2273-5A78-452A-81FF-9E05A14D6AEB}
	EndGlobalSection
EndGlobal
